
Microsoft Visual Studio Solution File, Format Version 12.00
# Visual Studio Version 16
VisualStudioVersion = 16.0.30320.27
MinimumVisualStudioVersion = 10.0.40219.1
Project("{FAE04EC0-301F-11D3-BF4B-00C04F79EFBC}") = "OBSCompents", "OBSCompents\OBSCompents.csproj", "{837DB2B6-4508-4408-9FB4-BAD54C7C995C}"
EndProject
Global
	GlobalSection(SolutionConfigurationPlatforms) = preSolution
		Debug|Any CPU = Debug|Any CPU
		Release|Any CPU = Release|Any CPU
	EndGlobalSection
	GlobalSection(ProjectConfigurationPlatforms) = postSolution
		{837DB2B6-4508-4408-9FB4-BAD54C7C995C}.Debug|Any CPU.ActiveCfg = Debug|Any CPU
		{837DB2B6-4508-4408-9FB4-BAD54C7C995C}.Debug|Any CPU.Build.0 = Debug|Any CPU
		{837DB2B6-4508-4408-9FB4-BAD54C7C995C}.Release|Any CPU.ActiveCfg = Release|Any CPU
		{837DB2B6-4508-4408-9FB4-BAD54C7C995C}.Release|Any CPU.Build.0 = Release|Any CPU
	EndGlobalSection
	GlobalSection(SolutionProperties) = preSolution
		HideSolutionNode = FALSE
	EndGlobalSection
	GlobalSection(ExtensibilityGlobals) = postSolution
		SolutionGuid = {016E3CB0-5764-41ED-A69D-C7EC5447B185}
	EndGlobalSection
EndGlobal
